// !$*UTF8*$!
{
	archiveVersion = 1;
	classes = {};
	objectVersion = 77;
	objects = {

/* Begin PBXBuildFile section */
		B00100000000000000000001 /* MacroTrackerApp.swift in Sources */ = {isa = PBXBuildFile; fileRef = F00100000000000000000001 /* MacroTrackerApp.swift */; };
		B00100000000000000000002 /* ContentView.swift in Sources */ = {isa = PBXBuildFile; fileRef = F00100000000000000000002 /* ContentView.swift */; };
		B00100000000000000000003 /* AppStore.swift in Sources */ = {isa = PBXBuildFile; fileRef = F00100000000000000000003 /* AppStore.swift */; };
		B00100000000000000000004 /* Theme.swift in Sources */ = {isa = PBXBuildFile; fileRef = F00100000000000000000004 /* Theme.swift */; };
		B00100000000000000000005 /* Models.swift in Sources */ = {isa = PBXBuildFile; fileRef = F00100000000000000000005 /* Models.swift */; };
		B00100000000000000000006 /* Config.swift in Sources */ = {isa = PBXBuildFile; fileRef = F00100000000000000000006 /* Config.swift */; };
		B00100000000000000000007 /* APIClient.swift in Sources */ = {isa = PBXBuildFile; fileRef = F00100000000000000000007 /* APIClient.swift */; };
		B00100000000000000000008 /* AuthService.swift in Sources */ = {isa = PBXBuildFile; fileRef = F00100000000000000000008 /* AuthService.swift */; };
		B00100000000000000000009 /* TodayView.swift in Sources */ = {isa = PBXBuildFile; fileRef = F00100000000000000000009 /* TodayView.swift */; };
		B0010000000000000000000A /* ChatLogView.swift in Sources */ = {isa = PBXBuildFile; fileRef = F0010000000000000000000A /* ChatLogView.swift */; };
		B0010000000000000000000B /* WorkoutsView.swift in Sources */ = {isa = PBXBuildFile; fileRef = F0010000000000000000000B /* WorkoutsView.swift */; };
		B0010000000000000000000C /* MacroRingsView.swift in Sources */ = {isa = PBXBuildFile; fileRef = F0010000000000000000000C /* MacroRingsView.swift */; };
		B0010000000000000000000D /* FoodComponents.swift in Sources */ = {isa = PBXBuildFile; fileRef = F0010000000000000000000D /* FoodComponents.swift */; };
		B0010000000000000000000E /* AddBarView.swift in Sources */ = {isa = PBXBuildFile; fileRef = F00100000000000000000012 /* AddBarView.swift */; };
		B0010000000000000000000F /* ModelDecodingTests.swift in Sources */ = {isa = PBXBuildFile; fileRef = F0010000000000000000000F /* ModelDecodingTests.swift */; };
		B00100000000000000000010 /* Keychain.swift in Sources */ = {isa = PBXBuildFile; fileRef = F00100000000000000000013 /* Keychain.swift */; };
		B00100000000000000000011 /* InviteView.swift in Sources */ = {isa = PBXBuildFile; fileRef = F00100000000000000000014 /* InviteView.swift */; };
/* End PBXBuildFile section */

/* Begin PBXContainerItemProxy section */
		D00000000000000000000001 = {isa = PBXContainerItemProxy; containerPortal = A00000000000000000000000 /* Project object */; proxyType = 1; remoteGlobalIDString = A00000000000000000000001; remoteInfo = MacroTracker; };
/* End PBXContainerItemProxy section */

/* Begin PBXFileReference section */
		F00000000000000000000001 /* MacroTracker.app */ = {isa = PBXFileReference; explicitFileType = wrapper.application; includeInIndex = 0; path = MacroTracker.app; sourceTree = BUILT_PRODUCTS_DIR; };
		F00000000000000000000002 /* MacroTrackerTests.xctest */ = {isa = PBXFileReference; explicitFileType = wrapper.cfbundle; includeInIndex = 0; path = MacroTrackerTests.xctest; sourceTree = BUILT_PRODUCTS_DIR; };
		F00100000000000000000001 /* MacroTrackerApp.swift */ = {isa = PBXFileReference; lastKnownFileType = sourcecode.swift; path = MacroTrackerApp.swift; sourceTree = "<group>"; };
		F00100000000000000000002 /* ContentView.swift */ = {isa = PBXFileReference; lastKnownFileType = sourcecode.swift; path = ContentView.swift; sourceTree = "<group>"; };
		F00100000000000000000003 /* AppStore.swift */ = {isa = PBXFileReference; lastKnownFileType = sourcecode.swift; path = AppStore.swift; sourceTree = "<group>"; };
		F00100000000000000000004 /* Theme.swift */ = {isa = PBXFileReference; lastKnownFileType = sourcecode.swift; path = Theme.swift; sourceTree = "<group>"; };
		F00100000000000000000005 /* Models.swift */ = {isa = PBXFileReference; lastKnownFileType = sourcecode.swift; path = Models.swift; sourceTree = "<group>"; };
		F00100000000000000000006 /* Config.swift */ = {isa = PBXFileReference; lastKnownFileType = sourcecode.swift; path = Config.swift; sourceTree = "<group>"; };
		F00100000000000000000007 /* APIClient.swift */ = {isa = PBXFileReference; lastKnownFileType = sourcecode.swift; path = APIClient.swift; sourceTree = "<group>"; };
		F00100000000000000000008 /* AuthService.swift */ = {isa = PBXFileReference; lastKnownFileType = sourcecode.swift; path = AuthService.swift; sourceTree = "<group>"; };
		F00100000000000000000009 /* TodayView.swift */ = {isa = PBXFileReference; lastKnownFileType = sourcecode.swift; path = TodayView.swift; sourceTree = "<group>"; };
		F0010000000000000000000A /* ChatLogView.swift */ = {isa = PBXFileReference; lastKnownFileType = sourcecode.swift; path = ChatLogView.swift; sourceTree = "<group>"; };
		F0010000000000000000000B /* WorkoutsView.swift */ = {isa = PBXFileReference; lastKnownFileType = sourcecode.swift; path = WorkoutsView.swift; sourceTree = "<group>"; };
		F0010000000000000000000C /* MacroRingsView.swift */ = {isa = PBXFileReference; lastKnownFileType = sourcecode.swift; path = MacroRingsView.swift; sourceTree = "<group>"; };
		F0010000000000000000000D /* FoodComponents.swift */ = {isa = PBXFileReference; lastKnownFileType = sourcecode.swift; path = FoodComponents.swift; sourceTree = "<group>"; };
		F0010000000000000000000E /* Assets.xcassets */ = {isa = PBXFileReference; lastKnownFileType = folder.assetcatalog; path = Assets.xcassets; sourceTree = "<group>"; };
		F0010000000000000000000F /* ModelDecodingTests.swift */ = {isa = PBXFileReference; lastKnownFileType = sourcecode.swift; path = ModelDecodingTests.swift; sourceTree = "<group>"; };
		F00100000000000000000010 /* Info.plist */ = {isa = PBXFileReference; lastKnownFileType = text.plist.xml; path = Info.plist; sourceTree = "<group>"; };
		F00100000000000000000011 /* Config.xcconfig */ = {isa = PBXFileReference; lastKnownFileType = text.xcconfig; path = Config.xcconfig; sourceTree = SOURCE_ROOT; };
		F00100000000000000000012 /* AddBarView.swift */ = {isa = PBXFileReference; lastKnownFileType = sourcecode.swift; path = AddBarView.swift; sourceTree = "<group>"; };
		F00100000000000000000013 /* Keychain.swift */ = {isa = PBXFileReference; lastKnownFileType = sourcecode.swift; path = Keychain.swift; sourceTree = "<group>"; };
		F00100000000000000000014 /* InviteView.swift */ = {isa = PBXFileReference; lastKnownFileType = sourcecode.swift; path = InviteView.swift; sourceTree = "<group>"; };
/* End PBXFileReference section */

/* Begin PBXFrameworksBuildPhase section */
		C00000000000000000000001 = {isa = PBXFrameworksBuildPhase; buildActionMask = 2147483647; files = (); runOnlyForDeploymentPostprocessing = 0; };
		C00000000000000000000002 = {isa = PBXFrameworksBuildPhase; buildActionMask = 2147483647; files = (); runOnlyForDeploymentPostprocessing = 0; };
/* End PBXFrameworksBuildPhase section */

/* Begin PBXGroup section */
		A10000000000000000000000 = {isa = PBXGroup; children = (A10000000000000000000001, A10000000000000000000007, F00100000000000000000011, A10000000000000000000008); sourceTree = "<group>"; };
		A10000000000000000000001 /* MacroTracker */ = {isa = PBXGroup; children = (F00100000000000000000001, F00100000000000000000002, F00100000000000000000003, F00100000000000000000004, A10000000000000000000002, A10000000000000000000003, A10000000000000000000004, A10000000000000000000006, F00100000000000000000010); path = MacroTracker; sourceTree = "<group>"; };
		A10000000000000000000002 /* Models */ = {isa = PBXGroup; children = (F00100000000000000000005); path = Models; sourceTree = "<group>"; };
		A10000000000000000000003 /* Services */ = {isa = PBXGroup; children = (F00100000000000000000006, F00100000000000000000007, F00100000000000000000008, F00100000000000000000013); path = Services; sourceTree = "<group>"; };
		A10000000000000000000004 /* Views */ = {isa = PBXGroup; children = (F00100000000000000000009, F0010000000000000000000A, F0010000000000000000000B, F00100000000000000000014, A10000000000000000000005); path = Views; sourceTree = "<group>"; };
		A10000000000000000000005 /* Components */ = {isa = PBXGroup; children = (F0010000000000000000000C, F0010000000000000000000D, F00100000000000000000012); path = Components; sourceTree = "<group>"; };
		A10000000000000000000006 /* Resources */ = {isa = PBXGroup; children = (F0010000000000000000000E); path = Resources; sourceTree = "<group>"; };
		A10000000000000000000007 /* MacroTrackerTests */ = {isa = PBXGroup; children = (F0010000000000000000000F); path = MacroTrackerTests; sourceTree = "<group>"; };
		A10000000000000000000008 /* Products */ = {isa = PBXGroup; children = (F00000000000000000000001, F00000000000000000000002); name = Products; sourceTree = "<group>"; };
/* End PBXGroup section */

/* Begin PBXNativeTarget section */
		A00000000000000000000001 /* MacroTracker */ = {isa = PBXNativeTarget; buildConfigurationList = E00000000000000000000001; buildPhases = (C10000000000000000000001, C00000000000000000000001, C20000000000000000000001); buildRules = (); dependencies = (); name = MacroTracker; productName = MacroTracker; productReference = F00000000000000000000001; productType = "com.apple.product-type.application"; };
		A00000000000000000000002 /* MacroTrackerTests */ = {isa = PBXNativeTarget; buildConfigurationList = E00000000000000000000002; buildPhases = (C10000000000000000000002, C00000000000000000000002, C20000000000000000000002); buildRules = (); dependencies = (D10000000000000000000001); name = MacroTrackerTests; productName = MacroTrackerTests; productReference = F00000000000000000000002; productType = "com.apple.product-type.bundle.unit-test"; };
/* End PBXNativeTarget section */

/* Begin PBXProject section */
		A00000000000000000000000 /* Project object */ = {isa = PBXProject; attributes = {BuildIndependentTargetsInParallel = 1; LastSwiftUpdateCheck = 2660; LastUpgradeCheck = 2660; TargetAttributes = {A00000000000000000000001 = {CreatedOnToolsVersion = 26.0; }; A00000000000000000000002 = {CreatedOnToolsVersion = 26.0; TestTargetID = A00000000000000000000001; }; }; }; buildConfigurationList = E00000000000000000000000; compatibilityVersion = "Xcode 16.0"; developmentRegion = en; hasScannedForEncodings = 0; knownRegions = (en, Base); mainGroup = A10000000000000000000000; productRefGroup = A10000000000000000000008; projectDirPath = ""; projectRoot = ""; targets = (A00000000000000000000001, A00000000000000000000002); };
/* End PBXProject section */

/* Begin PBXResourcesBuildPhase section */
		C20000000000000000000001 = {isa = PBXResourcesBuildPhase; buildActionMask = 2147483647; files = (); runOnlyForDeploymentPostprocessing = 0; };
		C20000000000000000000002 = {isa = PBXResourcesBuildPhase; buildActionMask = 2147483647; files = (); runOnlyForDeploymentPostprocessing = 0; };
/* End PBXResourcesBuildPhase section */

/* Begin PBXSourcesBuildPhase section */
		C10000000000000000000001 = {isa = PBXSourcesBuildPhase; buildActionMask = 2147483647; files = (B00100000000000000000001, B00100000000000000000002, B00100000000000000000003, B00100000000000000000004, B00100000000000000000005, B00100000000000000000006, B00100000000000000000007, B00100000000000000000008, B00100000000000000000009, B0010000000000000000000A, B0010000000000000000000B, B0010000000000000000000C, B0010000000000000000000D, B0010000000000000000000E, B00100000000000000000010, B00100000000000000000011); runOnlyForDeploymentPostprocessing = 0; };
		C10000000000000000000002 = {isa = PBXSourcesBuildPhase; buildActionMask = 2147483647; files = (B0010000000000000000000F); runOnlyForDeploymentPostprocessing = 0; };
/* End PBXSourcesBuildPhase section */

/* Begin PBXTargetDependency section */
		D10000000000000000000001 = {isa = PBXTargetDependency; target = A00000000000000000000001; targetProxy = D00000000000000000000001; };
/* End PBXTargetDependency section */

/* Begin XCBuildConfiguration section */
		E10000000000000000000001 = {isa = XCBuildConfiguration; baseConfigurationReference = F00100000000000000000011; buildSettings = {CLANG_ENABLE_MODULES = YES; DEBUG_INFORMATION_FORMAT = dwarf; ENABLE_TESTABILITY = YES; GCC_OPTIMIZATION_LEVEL = 0; ONLY_ACTIVE_ARCH = YES; SWIFT_ACTIVE_COMPILATION_CONDITIONS = DEBUG; SWIFT_OPTIMIZATION_LEVEL = "-Onone"; }; name = Debug; };
		E10000000000000000000002 = {isa = XCBuildConfiguration; baseConfigurationReference = F00100000000000000000011; buildSettings = {CLANG_ENABLE_MODULES = YES; DEBUG_INFORMATION_FORMAT = "dwarf-with-dsym"; SWIFT_COMPILATION_MODE = wholemodule; VALIDATE_PRODUCT = YES; }; name = Release; };
		E10000000000000000000003 = {isa = XCBuildConfiguration; baseConfigurationReference = F00100000000000000000011; buildSettings = {CODE_SIGN_STYLE = Automatic; GENERATE_INFOPLIST_FILE = NO; INFOPLIST_FILE = MacroTracker/Info.plist; IPHONEOS_DEPLOYMENT_TARGET = 17.0; PRODUCT_BUNDLE_IDENTIFIER = com.biz21.macrotracker; PRODUCT_NAME = "$(TARGET_NAME)"; SDKROOT = iphoneos; SUPPORTED_PLATFORMS = "iphoneos iphonesimulator"; SWIFT_VERSION = 5.0; TARGETED_DEVICE_FAMILY = 1; }; name = Debug; };
		E10000000000000000000004 = {isa = XCBuildConfiguration; baseConfigurationReference = F00100000000000000000011; buildSettings = {CODE_SIGN_STYLE = Automatic; GENERATE_INFOPLIST_FILE = NO; INFOPLIST_FILE = MacroTracker/Info.plist; IPHONEOS_DEPLOYMENT_TARGET = 17.0; PRODUCT_BUNDLE_IDENTIFIER = com.biz21.macrotracker; PRODUCT_NAME = "$(TARGET_NAME)"; SDKROOT = iphoneos; SUPPORTED_PLATFORMS = "iphoneos iphonesimulator"; SWIFT_VERSION = 5.0; TARGETED_DEVICE_FAMILY = 1; }; name = Release; };
		E10000000000000000000005 = {isa = XCBuildConfiguration; buildSettings = {BUNDLE_LOADER = "$(TEST_HOST)"; CODE_SIGN_STYLE = Automatic; GENERATE_INFOPLIST_FILE = YES; IPHONEOS_DEPLOYMENT_TARGET = 17.0; PRODUCT_BUNDLE_IDENTIFIER = com.biz21.macrotracker.tests; PRODUCT_NAME = "$(TARGET_NAME)"; SDKROOT = iphoneos; SWIFT_VERSION = 5.0; TARGETED_DEVICE_FAMILY = 1; TEST_HOST = "$(BUILT_PRODUCTS_DIR)/MacroTracker.app/$(BUNDLE_EXECUTABLE_FOLDER_PATH)/MacroTracker"; }; name = Debug; };
		E10000000000000000000006 = {isa = XCBuildConfiguration; buildSettings = {BUNDLE_LOADER = "$(TEST_HOST)"; CODE_SIGN_STYLE = Automatic; GENERATE_INFOPLIST_FILE = YES; IPHONEOS_DEPLOYMENT_TARGET = 17.0; PRODUCT_BUNDLE_IDENTIFIER = com.biz21.macrotracker.tests; PRODUCT_NAME = "$(TARGET_NAME)"; SDKROOT = iphoneos; SWIFT_VERSION = 5.0; TARGETED_DEVICE_FAMILY = 1; TEST_HOST = "$(BUILT_PRODUCTS_DIR)/MacroTracker.app/$(BUNDLE_EXECUTABLE_FOLDER_PATH)/MacroTracker"; }; name = Release; };
/* End XCBuildConfiguration section */

/* Begin XCConfigurationList section */
		E00000000000000000000000 = {isa = XCConfigurationList; buildConfigurations = (E10000000000000000000001, E10000000000000000000002); defaultConfigurationIsVisible = 0; defaultConfigurationName = Release; };
		E00000000000000000000001 = {isa = XCConfigurationList; buildConfigurations = (E10000000000000000000003, E10000000000000000000004); defaultConfigurationIsVisible = 0; defaultConfigurationName = Release; };
		E00000000000000000000002 = {isa = XCConfigurationList; buildConfigurations = (E10000000000000000000005, E10000000000000000000006); defaultConfigurationIsVisible = 0; defaultConfigurationName = Release; };
/* End XCConfigurationList section */
	};
	rootObject = A00000000000000000000000 /* Project object */;
}
